
Microsoft Visual Studio Solution File, Format Version 12.00
# Visual Studio Version 17
VisualStudioVersion = 17.14.37411.7 d17.14
MinimumVisualStudioVersion = 10.0.40219.1
Project("{888888A0-9F3D-457C-B088-3A5042F75D52}") = "Kiosk", "Kiosk\Kiosk.pyproj", "{A0003355-7FDD-4828-9179-42A55855F850}"
EndProject
Global
	GlobalSection(SolutionConfigurationPlatforms) = preSolution
		Debug|Any CPU = Debug|Any CPU
		Release|Any CPU = Release|Any CPU
	EndGlobalSection
	GlobalSection(ProjectConfigurationPlatforms) = postSolution
		{A0003355-7FDD-4828-9179-42A55855F850}.Debug|Any CPU.ActiveCfg = Debug|Any CPU
		{A0003355-7FDD-4828-9179-42A55855F850}.Release|Any CPU.ActiveCfg = Release|Any CPU
	EndGlobalSection
	GlobalSection(SolutionProperties) = preSolution
		HideSolutionNode = FALSE
	EndGlobalSection
	GlobalSection(ExtensibilityGlobals) = postSolution
		SolutionGuid = {80A7D216-3428-46CA-A8BA-9A9C49DDBDD5}
	EndGlobalSection
EndGlobal
